
Microsoft Visual Studio Solution File, Format Version 12.00
Project("{2150E333-8FDC-42A3-9474-1A3956D46DE8}") = "src", "src", "{45508F0B-E112-4FFB-8AFE-DA0AC57436D8}"
EndProject
Project("{FAE04EC0-301F-11D3-BF4B-00C04F79EFBC}") = "FQ.Results", "src\FQ.Results\FQ.Results.csproj", "{50EC384A-EB54-4145-B017-41E6093AB811}"
EndProject
Project("{FAE04EC0-301F-11D3-BF4B-00C04F79EFBC}") = "FQ.Cqrs", "src\FQ.Cqrs\FQ.Cqrs.csproj", "{F9CFA96A-4F07-4F1E-A5F2-133E32A7AE0C}"
EndProject
Project("{FAE04EC0-301F-11D3-BF4B-00C04F79EFBC}") = "FQ.Mapping", "src\FQ.Mapping\FQ.Mapping.csproj", "{AFF589E9-7AF6-4E1E-B618-4039FE039EEA}"
EndProject
Project("{2150E333-8FDC-42A3-9474-1A3956D46DE8}") = "tests", "tests", "{D689BA06-409B-4282-A9A0-5360D0327E93}"
EndProject
Project("{FAE04EC0-301F-11D3-BF4B-00C04F79EFBC}") = "FQ.Mapping.Mapster", "src\FQ.Mapping.Mapster\FQ.Mapping.Mapster.csproj", "{85D0AF89-233D-4700-9E4A-D055CD8C93AB}"
EndProject
Project("{FAE04EC0-301F-11D3-BF4B-00C04F79EFBC}") = "FQ.Results.UnitTests", "tests\FQ.Results.UnitTests\FQ.Results.UnitTests.csproj", "{0698B590-24C4-4E40-9B45-0BD587A8AC25}"
EndProject
Project("{FAE04EC0-301F-11D3-BF4B-00C04F79EFBC}") = "FQ.Cqrs.UnitTests", "tests\FQ.Cqrs.UnitTests\FQ.Cqrs.UnitTests.csproj", "{0DF4F787-0AEC-4EA6-9A0A-653676C7FB14}"
EndProject
Project("{FAE04EC0-301F-11D3-BF4B-00C04F79EFBC}") = "FQ.Mapping.UnitTests", "tests\FQ.Mapping.UnitTests\FQ.Mapping.UnitTests.csproj", "{2A941D90-AD76-45E8-AB68-F26AA6E3FA8A}"
EndProject
Project("{FAE04EC0-301F-11D3-BF4B-00C04F79EFBC}") = "FQ.Mapping.Mapster.UnitTests", "tests\FQ.Mapping.Mapster.UnitTests\FQ.Mapping.Mapster.UnitTests.csproj", "{876AA13C-59CB-4D52-9512-F63C62C4B2D3}"
EndProject
Project("{FAE04EC0-301F-11D3-BF4B-00C04F79EFBC}") = "FQ.AspNetCore", "src\FQ.AspNetCore\FQ.AspNetCore.csproj", "{8FB2A034-4284-455C-A22B-8DD4A9664D0D}"
EndProject
Project("{FAE04EC0-301F-11D3-BF4B-00C04F79EFBC}") = "FQ.Functions", "src\FQ.Functions\FQ.Functions.csproj", "{19930B1B-84E2-4809-8289-19E052282135}"
EndProject
Project("{FAE04EC0-301F-11D3-BF4B-00C04F79EFBC}") = "FQ.AspNetCore.Tests", "tests\FQ.AspNetCore.Tests\FQ.AspNetCore.Tests.csproj", "{AB194AE1-E2A4-484E-8E94-05B2E3872449}"
EndProject
Project("{FAE04EC0-301F-11D3-BF4B-00C04F79EFBC}") = "FQ.Functions.UnitTests", "tests\FQ.Functions.UnitTests\FQ.Functions.UnitTests.csproj", "{A6B2F801-7308-4F7D-81E2-1947DCD39F5A}"
EndProject
Project("{FAE04EC0-301F-11D3-BF4B-00C04F79EFBC}") = "FQ.Functions.Testing", "src\FQ.Functions.Testing\FQ.Functions.Testing.csproj", "{7A12B836-EC53-4A0D-8A57-ED0F3BD6F488}"
EndProject
Global
	GlobalSection(SolutionConfigurationPlatforms) = preSolution
		Debug|Any CPU = Debug|Any CPU
		Release|Any CPU = Release|Any CPU
	EndGlobalSection
	GlobalSection(NestedProjects) = preSolution
		{50EC384A-EB54-4145-B017-41E6093AB811} = {45508F0B-E112-4FFB-8AFE-DA0AC57436D8}
		{F9CFA96A-4F07-4F1E-A5F2-133E32A7AE0C} = {45508F0B-E112-4FFB-8AFE-DA0AC57436D8}
		{AFF589E9-7AF6-4E1E-B618-4039FE039EEA} = {45508F0B-E112-4FFB-8AFE-DA0AC57436D8}
		{85D0AF89-233D-4700-9E4A-D055CD8C93AB} = {45508F0B-E112-4FFB-8AFE-DA0AC57436D8}
		{0698B590-24C4-4E40-9B45-0BD587A8AC25} = {D689BA06-409B-4282-A9A0-5360D0327E93}
		{0DF4F787-0AEC-4EA6-9A0A-653676C7FB14} = {D689BA06-409B-4282-A9A0-5360D0327E93}
		{2A941D90-AD76-45E8-AB68-F26AA6E3FA8A} = {D689BA06-409B-4282-A9A0-5360D0327E93}
		{876AA13C-59CB-4D52-9512-F63C62C4B2D3} = {D689BA06-409B-4282-A9A0-5360D0327E93}
		{8FB2A034-4284-455C-A22B-8DD4A9664D0D} = {45508F0B-E112-4FFB-8AFE-DA0AC57436D8}
		{19930B1B-84E2-4809-8289-19E052282135} = {45508F0B-E112-4FFB-8AFE-DA0AC57436D8}
		{AB194AE1-E2A4-484E-8E94-05B2E3872449} = {D689BA06-409B-4282-A9A0-5360D0327E93}
		{A6B2F801-7308-4F7D-81E2-1947DCD39F5A} = {D689BA06-409B-4282-A9A0-5360D0327E93}
		{7A12B836-EC53-4A0D-8A57-ED0F3BD6F488} = {45508F0B-E112-4FFB-8AFE-DA0AC57436D8}
	EndGlobalSection
	GlobalSection(ProjectConfigurationPlatforms) = postSolution
		{50EC384A-EB54-4145-B017-41E6093AB811}.Debug|Any CPU.ActiveCfg = Debug|Any CPU
		{50EC384A-EB54-4145-B017-41E6093AB811}.Debug|Any CPU.Build.0 = Debug|Any CPU
		{50EC384A-EB54-4145-B017-41E6093AB811}.Release|Any CPU.ActiveCfg = Release|Any CPU
		{50EC384A-EB54-4145-B017-41E6093AB811}.Release|Any CPU.Build.0 = Release|Any CPU
		{F9CFA96A-4F07-4F1E-A5F2-133E32A7AE0C}.Debug|Any CPU.ActiveCfg = Debug|Any CPU
		{F9CFA96A-4F07-4F1E-A5F2-133E32A7AE0C}.Debug|Any CPU.Build.0 = Debug|Any CPU
		{F9CFA96A-4F07-4F1E-A5F2-133E32A7AE0C}.Release|Any CPU.ActiveCfg = Release|Any CPU
		{F9CFA96A-4F07-4F1E-A5F2-133E32A7AE0C}.Release|Any CPU.Build.0 = Release|Any CPU
		{AFF589E9-7AF6-4E1E-B618-4039FE039EEA}.Debug|Any CPU.ActiveCfg = Debug|Any CPU
		{AFF589E9-7AF6-4E1E-B618-4039FE039EEA}.Debug|Any CPU.Build.0 = Debug|Any CPU
		{AFF589E9-7AF6-4E1E-B618-4039FE039EEA}.Release|Any CPU.ActiveCfg = Release|Any CPU
		{AFF589E9-7AF6-4E1E-B618-4039FE039EEA}.Release|Any CPU.Build.0 = Release|Any CPU
		{85D0AF89-233D-4700-9E4A-D055CD8C93AB}.Debug|Any CPU.ActiveCfg = Debug|Any CPU
		{85D0AF89-233D-4700-9E4A-D055CD8C93AB}.Debug|Any CPU.Build.0 = Debug|Any CPU
		{85D0AF89-233D-4700-9E4A-D055CD8C93AB}.Release|Any CPU.ActiveCfg = Release|Any CPU
		{85D0AF89-233D-4700-9E4A-D055CD8C93AB}.Release|Any CPU.Build.0 = Release|Any CPU
		{0698B590-24C4-4E40-9B45-0BD587A8AC25}.Debug|Any CPU.ActiveCfg = Debug|Any CPU
		{0698B590-24C4-4E40-9B45-0BD587A8AC25}.Debug|Any CPU.Build.0 = Debug|Any CPU
		{0698B590-24C4-4E40-9B45-0BD587A8AC25}.Release|Any CPU.ActiveCfg = Release|Any CPU
		{0698B590-24C4-4E40-9B45-0BD587A8AC25}.Release|Any CPU.Build.0 = Release|Any CPU
		{0DF4F787-0AEC-4EA6-9A0A-653676C7FB14}.Debug|Any CPU.ActiveCfg = Debug|Any CPU
		{0DF4F787-0AEC-4EA6-9A0A-653676C7FB14}.Debug|Any CPU.Build.0 = Debug|Any CPU
		{0DF4F787-0AEC-4EA6-9A0A-653676C7FB14}.Release|Any CPU.ActiveCfg = Release|Any CPU
		{0DF4F787-0AEC-4EA6-9A0A-653676C7FB14}.Release|Any CPU.Build.0 = Release|Any CPU
		{2A941D90-AD76-45E8-AB68-F26AA6E3FA8A}.Debug|Any CPU.ActiveCfg = Debug|Any CPU
		{2A941D90-AD76-45E8-AB68-F26AA6E3FA8A}.Debug|Any CPU.Build.0 = Debug|Any CPU
		{2A941D90-AD76-45E8-AB68-F26AA6E3FA8A}.Release|Any CPU.ActiveCfg = Release|Any CPU
		{2A941D90-AD76-45E8-AB68-F26AA6E3FA8A}.Release|Any CPU.Build.0 = Release|Any CPU
		{876AA13C-59CB-4D52-9512-F63C62C4B2D3}.Debug|Any CPU.ActiveCfg = Debug|Any CPU
		{876AA13C-59CB-4D52-9512-F63C62C4B2D3}.Debug|Any CPU.Build.0 = Debug|Any CPU
		{876AA13C-59CB-4D52-9512-F63C62C4B2D3}.Release|Any CPU.ActiveCfg = Release|Any CPU
		{876AA13C-59CB-4D52-9512-F63C62C4B2D3}.Release|Any CPU.Build.0 = Release|Any CPU
		{8FB2A034-4284-455C-A22B-8DD4A9664D0D}.Debug|Any CPU.ActiveCfg = Debug|Any CPU
		{8FB2A034-4284-455C-A22B-8DD4A9664D0D}.Debug|Any CPU.Build.0 = Debug|Any CPU
		{8FB2A034-4284-455C-A22B-8DD4A9664D0D}.Release|Any CPU.ActiveCfg = Release|Any CPU
		{8FB2A034-4284-455C-A22B-8DD4A9664D0D}.Release|Any CPU.Build.0 = Release|Any CPU
		{19930B1B-84E2-4809-8289-19E052282135}.Debug|Any CPU.ActiveCfg = Debug|Any CPU
		{19930B1B-84E2-4809-8289-19E052282135}.Debug|Any CPU.Build.0 = Debug|Any CPU
		{19930B1B-84E2-4809-8289-19E052282135}.Release|Any CPU.ActiveCfg = Release|Any CPU
		{19930B1B-84E2-4809-8289-19E052282135}.Release|Any CPU.Build.0 = Release|Any CPU
		{AB194AE1-E2A4-484E-8E94-05B2E3872449}.Debug|Any CPU.ActiveCfg = Debug|Any CPU
		{AB194AE1-E2A4-484E-8E94-05B2E3872449}.Debug|Any CPU.Build.0 = Debug|Any CPU
		{AB194AE1-E2A4-484E-8E94-05B2E3872449}.Release|Any CPU.ActiveCfg = Release|Any CPU
		{AB194AE1-E2A4-484E-8E94-05B2E3872449}.Release|Any CPU.Build.0 = Release|Any CPU
		{A6B2F801-7308-4F7D-81E2-1947DCD39F5A}.Debug|Any CPU.ActiveCfg = Debug|Any CPU
		{A6B2F801-7308-4F7D-81E2-1947DCD39F5A}.Debug|Any CPU.Build.0 = Debug|Any CPU
		{A6B2F801-7308-4F7D-81E2-1947DCD39F5A}.Release|Any CPU.ActiveCfg = Release|Any CPU
		{A6B2F801-7308-4F7D-81E2-1947DCD39F5A}.Release|Any CPU.Build.0 = Release|Any CPU
		{7A12B836-EC53-4A0D-8A57-ED0F3BD6F488}.Debug|Any CPU.ActiveCfg = Debug|Any CPU
		{7A12B836-EC53-4A0D-8A57-ED0F3BD6F488}.Debug|Any CPU.Build.0 = Debug|Any CPU
		{7A12B836-EC53-4A0D-8A57-ED0F3BD6F488}.Release|Any CPU.ActiveCfg = Release|Any CPU
		{7A12B836-EC53-4A0D-8A57-ED0F3BD6F488}.Release|Any CPU.Build.0 = Release|Any CPU
	EndGlobalSection
EndGlobal
